<?xml version="1.0" encoding="utf-8"?>
<Project ToolsVersion="4.0" xmlns="http://schemas.microsoft.com/developer/msbuild/2003">
  <ItemGroup>
    <Filter Include="Tamago">
      <UniqueIdentifier>{1E12E9D2-0AB4-13A9-F36E-27FDDFAF9AF9}</UniqueIdentifier>
    </Filter>
    <Filter Include="Tamago\Events">
      <UniqueIdentifier>{4270ED6E-AE30-69A5-776B-B222E3EAAD81}</UniqueIdentifier>
    </Filter>
  </ItemGroup>
  <ItemGroup>
    <ClInclude Include="src\Tamago.h" />
    <ClInclude Include="src\Tamago\Application.h">
      <Filter>Tamago</Filter>
    </ClInclude>
    <ClInclude Include="src\Tamago\Core.h">
      <Filter>Tamago</Filter>
    </ClInclude>
    <ClInclude Include="src\Tamago\EntryPoint.h">
      <Filter>Tamago</Filter>
    </ClInclude>
    <ClInclude Include="src\Tamago\Events\ApplicationEvent.h">
      <Filter>Tamago\Events</Filter>
    </ClInclude>
    <ClInclude Include="src\Tamago\Events\Event.h">
      <Filter>Tamago\Events</Filter>
    </ClInclude>
    <ClInclude Include="src\Tamago\Events\KeyEvent.h">
      <Filter>Tamago\Events</Filter>
    </ClInclude>
    <ClInclude Include="src\Tamago\Events\MouseEvent.h">
      <Filter>Tamago\Events</Filter>
    </ClInclude>
    <ClInclude Include="src\Tamago\Log.h">
      <Filter>Tamago</Filter>
    </ClInclude>
    <ClInclude Include="src\tgpch.h" />
  </ItemGroup>
  <ItemGroup>
    <ClCompile Include="src\Tamago\Application.cpp">
      <Filter>Tamago</Filter>
    </ClCompile>
    <ClCompile Include="src\Tamago\Log.cpp">
      <Filter>Tamago</Filter>
    </ClCompile>
    <ClCompile Include="src\tgpch.cpp" />
  </ItemGroup>
</Project>